
Microsoft Visual Studio Solution File, Format Version 10.00
# Visual Studio 2008
Project("{FAE04EC0-301F-11D3-BF4B-00C04F79EFBC}") = "MockingFrameworksCompare", "MockingFrameworksCompare\MockingFrameworksCompare.csproj", "{2778E9BB-1C23-45DF-A176-81E617578524}"
EndProject
Project("{2150E333-8FDC-42A3-9474-1A3956D46DE8}") = "Frameworks", "Frameworks", "{52153339-9095-4F5E-91CB-C931A8AA8627}"
EndProject
Project("{2150E333-8FDC-42A3-9474-1A3956D46DE8}") = "Tests", "Tests", "{BE9326E0-456E-4209-B3D0-307F522F09D0}"
EndProject
Project("{FAE04EC0-301F-11D3-BF4B-00C04F79EFBC}") = "Moq", "Frameworks\Moq\Source\Moq.csproj", "{1C91AC30-5977-4BE5-BA67-8EB186C03514}"
EndProject
Project("{FAE04EC0-301F-11D3-BF4B-00C04F79EFBC}") = "Rhino.Mocks 3.5", "Frameworks\RhinoMocks\Source\Rhino.Mocks 3.5.csproj", "{1E8FECC7-9E9B-4275-A938-D956F5E5D4F8}"
EndProject
Project("{FAE04EC0-301F-11D3-BF4B-00C04F79EFBC}") = "MoqTests", "Tests\CS\MoqTests\MoqTests.csproj", "{A9C00984-020E-4D27-9263-5D6CF546EB31}"
EndProject
Project("{FAE04EC0-301F-11D3-BF4B-00C04F79EFBC}") = "NMock2Tests", "Tests\CS\NMock2Tests\NMock2Tests.csproj", "{3150CB26-7DF5-4349-8358-082067113FBD}"
EndProject
Project("{FAE04EC0-301F-11D3-BF4B-00C04F79EFBC}") = "RhinoMocksTests", "Tests\CS\RhinoMocksTests\RhinoMocksTests.csproj", "{95E69837-48BB-42DF-8338-21F1C216C7BD}"
EndProject
Project("{FAE04EC0-301F-11D3-BF4B-00C04F79EFBC}") = "NMock2", "Frameworks\NMock2\Source\NMock2.csproj", "{79C78732-B34C-4429-B678-C8ADE5FB5BE1}"
EndProject
Project("{2150E333-8FDC-42A3-9474-1A3956D46DE8}") = "CS", "CS", "{19968386-F9E1-4F1A-8F7C-728B807ACCA1}"
EndProject
Project("{2150E333-8FDC-42A3-9474-1A3956D46DE8}") = "VB", "VB", "{766EB4F4-264C-4C31-9A93-BF9331281FB9}"
EndProject
Project("{FAE04EC0-301F-11D3-BF4B-00C04F79EFBC}") = "IsolatorTests", "Tests\CS\IsolatorTests\IsolatorTests.csproj", "{38A5AC4F-8C4F-418F-9BE4-F8B9631B27F9}"
EndProject
Project("{F184B08F-C81C-45F6-A57F-5ABD9991F28F}") = "IsolatorTests", "Tests\VB\IsolatorTests\IsolatorTests.vbproj", "{F2B843C2-EF21-4670-B70D-816BCF213F8D}"
EndProject
Project("{F184B08F-C81C-45F6-A57F-5ABD9991F28F}") = "MoqTests", "Tests\VB\MoqTests\MoqTests.vbproj", "{91EB3F4F-1CA1-47DE-9B30-6139637764EC}"
EndProject
Project("{F184B08F-C81C-45F6-A57F-5ABD9991F28F}") = "NMock2Tests", "Tests\VB\NMock2Tests\NMock2Tests.vbproj", "{3A0A644E-7F81-401D-9000-F70DF9EE78E0}"
EndProject
Project("{F184B08F-C81C-45F6-A57F-5ABD9991F28F}") = "RhinoMocksTests", "Tests\VB\RhinoMocksTests\RhinoMocksTests.vbproj", "{8641E4F3-AE1A-4783-8031-971B7E866050}"
EndProject
Global
	GlobalSection(SolutionConfigurationPlatforms) = preSolution
		Debug|Any CPU = Debug|Any CPU
		Debug|x86 = Debug|x86
		Release|Any CPU = Release|Any CPU
		Release|x86 = Release|x86
	EndGlobalSection
	GlobalSection(ProjectConfigurationPlatforms) = postSolution
		{2778E9BB-1C23-45DF-A176-81E617578524}.Debug|Any CPU.ActiveCfg = Debug|Any CPU
		{2778E9BB-1C23-45DF-A176-81E617578524}.Debug|Any CPU.Build.0 = Debug|Any CPU
		{2778E9BB-1C23-45DF-A176-81E617578524}.Debug|x86.ActiveCfg = Debug|Any CPU
		{2778E9BB-1C23-45DF-A176-81E617578524}.Release|Any CPU.ActiveCfg = Release|Any CPU
		{2778E9BB-1C23-45DF-A176-81E617578524}.Release|Any CPU.Build.0 = Release|Any CPU
		{2778E9BB-1C23-45DF-A176-81E617578524}.Release|x86.ActiveCfg = Release|Any CPU
		{1C91AC30-5977-4BE5-BA67-8EB186C03514}.Debug|Any CPU.ActiveCfg = Debug|Any CPU
		{1C91AC30-5977-4BE5-BA67-8EB186C03514}.Debug|Any CPU.Build.0 = Debug|Any CPU
		{1C91AC30-5977-4BE5-BA67-8EB186C03514}.Debug|x86.ActiveCfg = Debug|x86
		{1C91AC30-5977-4BE5-BA67-8EB186C03514}.Debug|x86.Build.0 = Debug|x86
		{1C91AC30-5977-4BE5-BA67-8EB186C03514}.Release|Any CPU.ActiveCfg = Release|Any CPU
		{1C91AC30-5977-4BE5-BA67-8EB186C03514}.Release|Any CPU.Build.0 = Release|Any CPU
		{1C91AC30-5977-4BE5-BA67-8EB186C03514}.Release|x86.ActiveCfg = Release|x86
		{1C91AC30-5977-4BE5-BA67-8EB186C03514}.Release|x86.Build.0 = Release|x86
		{1E8FECC7-9E9B-4275-A938-D956F5E5D4F8}.Debug|Any CPU.ActiveCfg = Debug|Any CPU
		{1E8FECC7-9E9B-4275-A938-D956F5E5D4F8}.Debug|Any CPU.Build.0 = Debug|Any CPU
		{1E8FECC7-9E9B-4275-A938-D956F5E5D4F8}.Debug|x86.ActiveCfg = Debug|Any CPU
		{1E8FECC7-9E9B-4275-A938-D956F5E5D4F8}.Release|Any CPU.ActiveCfg = Release|Any CPU
		{1E8FECC7-9E9B-4275-A938-D956F5E5D4F8}.Release|Any CPU.Build.0 = Release|Any CPU
		{1E8FECC7-9E9B-4275-A938-D956F5E5D4F8}.Release|x86.ActiveCfg = Release|Any CPU
		{A9C00984-020E-4D27-9263-5D6CF546EB31}.Debug|Any CPU.ActiveCfg = Debug|Any CPU
		{A9C00984-020E-4D27-9263-5D6CF546EB31}.Debug|Any CPU.Build.0 = Debug|Any CPU
		{A9C00984-020E-4D27-9263-5D6CF546EB31}.Debug|x86.ActiveCfg = Debug|Any CPU
		{A9C00984-020E-4D27-9263-5D6CF546EB31}.Release|Any CPU.ActiveCfg = Release|Any CPU
		{A9C00984-020E-4D27-9263-5D6CF546EB31}.Release|Any CPU.Build.0 = Release|Any CPU
		{A9C00984-020E-4D27-9263-5D6CF546EB31}.Release|x86.ActiveCfg = Release|Any CPU
		{3150CB26-7DF5-4349-8358-082067113FBD}.Debug|Any CPU.ActiveCfg = Debug|Any CPU
		{3150CB26-7DF5-4349-8358-082067113FBD}.Debug|Any CPU.Build.0 = Debug|Any CPU
		{3150CB26-7DF5-4349-8358-082067113FBD}.Debug|x86.ActiveCfg = Debug|Any CPU
		{3150CB26-7DF5-4349-8358-082067113FBD}.Release|Any CPU.ActiveCfg = Release|Any CPU
		{3150CB26-7DF5-4349-8358-082067113FBD}.Release|Any CPU.Build.0 = Release|Any CPU
		{3150CB26-7DF5-4349-8358-082067113FBD}.Release|x86.ActiveCfg = Release|Any CPU
		{95E69837-48BB-42DF-8338-21F1C216C7BD}.Debug|Any CPU.ActiveCfg = Debug|Any CPU
		{95E69837-48BB-42DF-8338-21F1C216C7BD}.Debug|Any CPU.Build.0 = Debug|Any CPU
		{95E69837-48BB-42DF-8338-21F1C216C7BD}.Debug|x86.ActiveCfg = Debug|Any CPU
		{95E69837-48BB-42DF-8338-21F1C216C7BD}.Release|Any CPU.ActiveCfg = Release|Any CPU
		{95E69837-48BB-42DF-8338-21F1C216C7BD}.Release|Any CPU.Build.0 = Release|Any CPU
		{95E69837-48BB-42DF-8338-21F1C216C7BD}.Release|x86.ActiveCfg = Release|Any CPU
		{79C78732-B34C-4429-B678-C8ADE5FB5BE1}.Debug|Any CPU.ActiveCfg = Debug|Any CPU
		{79C78732-B34C-4429-B678-C8ADE5FB5BE1}.Debug|Any CPU.Build.0 = Debug|Any CPU
		{79C78732-B34C-4429-B678-C8ADE5FB5BE1}.Debug|x86.ActiveCfg = Debug|Any CPU
		{79C78732-B34C-4429-B678-C8ADE5FB5BE1}.Release|Any CPU.ActiveCfg = Release|Any CPU
		{79C78732-B34C-4429-B678-C8ADE5FB5BE1}.Release|Any CPU.Build.0 = Release|Any CPU
		{79C78732-B34C-4429-B678-C8ADE5FB5BE1}.Release|x86.ActiveCfg = Release|Any CPU
		{38A5AC4F-8C4F-418F-9BE4-F8B9631B27F9}.Debug|Any CPU.ActiveCfg = Debug|Any CPU
		{38A5AC4F-8C4F-418F-9BE4-F8B9631B27F9}.Debug|Any CPU.Build.0 = Debug|Any CPU
		{38A5AC4F-8C4F-418F-9BE4-F8B9631B27F9}.Debug|x86.ActiveCfg = Debug|Any CPU
		{38A5AC4F-8C4F-418F-9BE4-F8B9631B27F9}.Release|Any CPU.ActiveCfg = Release|Any CPU
		{38A5AC4F-8C4F-418F-9BE4-F8B9631B27F9}.Release|Any CPU.Build.0 = Release|Any CPU
		{38A5AC4F-8C4F-418F-9BE4-F8B9631B27F9}.Release|x86.ActiveCfg = Release|Any CPU
		{F2B843C2-EF21-4670-B70D-816BCF213F8D}.Debug|Any CPU.ActiveCfg = Debug|Any CPU
		{F2B843C2-EF21-4670-B70D-816BCF213F8D}.Debug|Any CPU.Build.0 = Debug|Any CPU
		{F2B843C2-EF21-4670-B70D-816BCF213F8D}.Debug|x86.ActiveCfg = Debug|Any CPU
		{F2B843C2-EF21-4670-B70D-816BCF213F8D}.Release|Any CPU.ActiveCfg = Release|Any CPU
		{F2B843C2-EF21-4670-B70D-816BCF213F8D}.Release|Any CPU.Build.0 = Release|Any CPU
		{F2B843C2-EF21-4670-B70D-816BCF213F8D}.Release|x86.ActiveCfg = Release|Any CPU
		{91EB3F4F-1CA1-47DE-9B30-6139637764EC}.Debug|Any CPU.ActiveCfg = Debug|Any CPU
		{91EB3F4F-1CA1-47DE-9B30-6139637764EC}.Debug|Any CPU.Build.0 = Debug|Any CPU
		{91EB3F4F-1CA1-47DE-9B30-6139637764EC}.Debug|x86.ActiveCfg = Debug|Any CPU
		{91EB3F4F-1CA1-47DE-9B30-6139637764EC}.Release|Any CPU.ActiveCfg = Release|Any CPU
		{91EB3F4F-1CA1-47DE-9B30-6139637764EC}.Release|Any CPU.Build.0 = Release|Any CPU
		{91EB3F4F-1CA1-47DE-9B30-6139637764EC}.Release|x86.ActiveCfg = Release|Any CPU
		{3A0A644E-7F81-401D-9000-F70DF9EE78E0}.Debug|Any CPU.ActiveCfg = Debug|Any CPU
		{3A0A644E-7F81-401D-9000-F70DF9EE78E0}.Debug|Any CPU.Build.0 = Debug|Any CPU
		{3A0A644E-7F81-401D-9000-F70DF9EE78E0}.Debug|x86.ActiveCfg = Debug|Any CPU
		{3A0A644E-7F81-401D-9000-F70DF9EE78E0}.Release|Any CPU.ActiveCfg = Release|Any CPU
		{3A0A644E-7F81-401D-9000-F70DF9EE78E0}.Release|Any CPU.Build.0 = Release|Any CPU
		{3A0A644E-7F81-401D-9000-F70DF9EE78E0}.Release|x86.ActiveCfg = Release|Any CPU
		{8641E4F3-AE1A-4783-8031-971B7E866050}.Debug|Any CPU.ActiveCfg = Debug|Any CPU
		{8641E4F3-AE1A-4783-8031-971B7E866050}.Debug|Any CPU.Build.0 = Debug|Any CPU
		{8641E4F3-AE1A-4783-8031-971B7E866050}.Debug|x86.ActiveCfg = Debug|Any CPU
		{8641E4F3-AE1A-4783-8031-971B7E866050}.Release|Any CPU.ActiveCfg = Release|Any CPU
		{8641E4F3-AE1A-4783-8031-971B7E866050}.Release|Any CPU.Build.0 = Release|Any CPU
		{8641E4F3-AE1A-4783-8031-971B7E866050}.Release|x86.ActiveCfg = Release|Any CPU
	EndGlobalSection
	GlobalSection(SolutionProperties) = preSolution
		HideSolutionNode = FALSE
	EndGlobalSection
	GlobalSection(NestedProjects) = preSolution
		{1C91AC30-5977-4BE5-BA67-8EB186C03514} = {52153339-9095-4F5E-91CB-C931A8AA8627}
		{1E8FECC7-9E9B-4275-A938-D956F5E5D4F8} = {52153339-9095-4F5E-91CB-C931A8AA8627}
		{79C78732-B34C-4429-B678-C8ADE5FB5BE1} = {52153339-9095-4F5E-91CB-C931A8AA8627}
		{19968386-F9E1-4F1A-8F7C-728B807ACCA1} = {BE9326E0-456E-4209-B3D0-307F522F09D0}
		{766EB4F4-264C-4C31-9A93-BF9331281FB9} = {BE9326E0-456E-4209-B3D0-307F522F09D0}
		{A9C00984-020E-4D27-9263-5D6CF546EB31} = {19968386-F9E1-4F1A-8F7C-728B807ACCA1}
		{3150CB26-7DF5-4349-8358-082067113FBD} = {19968386-F9E1-4F1A-8F7C-728B807ACCA1}
		{95E69837-48BB-42DF-8338-21F1C216C7BD} = {19968386-F9E1-4F1A-8F7C-728B807ACCA1}
		{38A5AC4F-8C4F-418F-9BE4-F8B9631B27F9} = {19968386-F9E1-4F1A-8F7C-728B807ACCA1}
		{F2B843C2-EF21-4670-B70D-816BCF213F8D} = {766EB4F4-264C-4C31-9A93-BF9331281FB9}
		{91EB3F4F-1CA1-47DE-9B30-6139637764EC} = {766EB4F4-264C-4C31-9A93-BF9331281FB9}
		{3A0A644E-7F81-401D-9000-F70DF9EE78E0} = {766EB4F4-264C-4C31-9A93-BF9331281FB9}
		{8641E4F3-AE1A-4783-8031-971B7E866050} = {766EB4F4-264C-4C31-9A93-BF9331281FB9}
	EndGlobalSection
EndGlobal
